
Microsoft Visual Studio Solution File, Format Version 12.00
# Visual Studio 2013
VisualStudioVersion = 12.0.40629.0
MinimumVisualStudioVersion = 10.0.40219.1
Project("{FAE04EC0-301F-11D3-BF4B-00C04F79EFBC}") = "ADCExample", "ADCExample\ADCExample.csproj", "{29C6FCAF-9604-4FF3-83EB-47A779E2B1DA}"
EndProject
Global
	GlobalSection(SolutionConfigurationPlatforms) = preSolution
		Debug|Any CPU = Debug|Any CPU
		Release|Any CPU = Release|Any CPU
	EndGlobalSection
	GlobalSection(ProjectConfigurationPlatforms) = postSolution
		{29C6FCAF-9604-4FF3-83EB-47A779E2B1DA}.Debug|Any CPU.ActiveCfg = Debug|Any CPU
		{29C6FCAF-9604-4FF3-83EB-47A779E2B1DA}.Debug|Any CPU.Build.0 = Debug|Any CPU
		{29C6FCAF-9604-4FF3-83EB-47A779E2B1DA}.Debug|Any CPU.Deploy.0 = Debug|Any CPU
		{29C6FCAF-9604-4FF3-83EB-47A779E2B1DA}.Release|Any CPU.ActiveCfg = Release|Any CPU
		{29C6FCAF-9604-4FF3-83EB-47A779E2B1DA}.Release|Any CPU.Build.0 = Release|Any CPU
		{29C6FCAF-9604-4FF3-83EB-47A779E2B1DA}.Release|Any CPU.Deploy.0 = Release|Any CPU
	EndGlobalSection
	GlobalSection(SolutionProperties) = preSolution
		HideSolutionNode = FALSE
	EndGlobalSection
EndGlobal
